{
  "name": "Course-Work_3sem_2nd_var",
  "lockfileVersion": 2,
  "requires": true,
  "packages": {
    "": {
      "dependencies": {
        "open-props": "^1.5.1"
      }
    },
    "node_modules/open-props": {
      "version": "1.5.1",
      "resolved": "https://registry.npmjs.org/open-props/-/open-props-1.5.1.tgz",
      "integrity": "sha512-FA1T/0neIXWaJToPhS4HjBrgEFOeVOAUls9cOe1ME1BV4G25sIKdRNdZhzNNgOQ2RtfuZCTGtSKVnhjdD4Gzvg=="
    }
  },
  "dependencies": {
    "open-props": {
      "version": "1.5.1",
      "resolved": "https://registry.npmjs.org/open-props/-/open-props-1.5.1.tgz",
      "integrity": "sha512-FA1T/0neIXWaJToPhS4HjBrgEFOeVOAUls9cOe1ME1BV4G25sIKdRNdZhzNNgOQ2RtfuZCTGtSKVnhjdD4Gzvg=="
    }
  }
}
